// !$*UTF8*$!
{
	archiveVersion = 1;
	classes = {
	};
	objectVersion = 48;
	objects = {

/* Begin PBXBuildFile section */
		FF5A87EE20A67EC3008CD8F0 /* AppDelegate.swift in Sources */ = {isa = PBXBuildFile; fileRef = FF5A87ED20A67EC3008CD8F0 /* AppDelegate.swift */; };
		FF5A87F020A67EC3008CD8F0 /* ViewController.swift in Sources */ = {isa = PBXBuildFile; fileRef = FF5A87EF20A67EC3008CD8F0 /* ViewController.swift */; };
		FF5A87F320A67EC3008CD8F0 /* Main.storyboard in Resources */ = {isa = PBXBuildFile; fileRef = FF5A87F120A67EC3008CD8F0 /* Main.storyboard */; };
		FF5A87F520A67EC3008CD8F0 /* Assets.xcassets in Resources */ = {isa = PBXBuildFile; fileRef = FF5A87F420A67EC3008CD8F0 /* Assets.xcassets */; };
		FF5A87F820A67EC3008CD8F0 /* LaunchScreen.storyboard in Resources */ = {isa = PBXBuildFile; fileRef = FF5A87F620A67EC3008CD8F0 /* LaunchScreen.storyboard */; };
		FF5A880320A67EC3008CD8F0 /* SaveTheKittensTests.swift in Sources */ = {isa = PBXBuildFile; fileRef = FF5A880220A67EC3008CD8F0 /* SaveTheKittensTests.swift */; };
		FF5A880E20A67EC3008CD8F0 /* SaveTheKittensUITests.swift in Sources */ = {isa = PBXBuildFile; fileRef = FF5A880D20A67EC3008CD8F0 /* SaveTheKittensUITests.swift */; };
/* End PBXBuildFile section */

/* Begin PBXContainerItemProxy section */
		FF5A87FF20A67EC3008CD8F0 /* PBXContainerItemProxy */ = {
			isa = PBXContainerItemProxy;
			containerPortal = FF5A87E220A67EC3008CD8F0 /* Project object */;
			proxyType = 1;
			remoteGlobalIDString = FF5A87E920A67EC3008CD8F0;
			remoteInfo = SaveTheKittens;
		};
		FF5A880A20A67EC3008CD8F0 /* PBXContainerItemProxy */ = {
			isa = PBXContainerItemProxy;
			containerPortal = FF5A87E220A67EC3008CD8F0 /* Project object */;
			proxyType = 1;
			remoteGlobalIDString = FF5A87E920A67EC3008CD8F0;
			remoteInfo = SaveTheKittens;
		};
/* End PBXContainerItemProxy section */

/* Begin PBXFileReference section */
		FF5A87EA20A67EC3008CD8F0 /* SaveTheKittens.app */ = {isa = PBXFileReference; explicitFileType = wrapper.application; includeInIndex = 0; path = SaveTheKittens.app; sourceTree = BUILT_PRODUCTS_DIR; };
		FF5A87ED20A67EC3008CD8F0 /* AppDelegate.swift */ = {isa = PBXFileReference; lastKnownFileType = sourcecode.swift; path = AppDelegate.swift; sourceTree = "<group>"; };
		FF5A87EF20A67EC3008CD8F0 /* ViewController.swift */ = {isa = PBXFileReference; lastKnownFileType = sourcecode.swift; path = ViewController.swift; sourceTree = "<group>"; };
		FF5A87F220A67EC3008CD8F0 /* Base */ = {isa = PBXFileReference; lastKnownFileType = file.storyboard; name = Base; path = Base.lproj/Main.storyboard; sourceTree = "<group>"; };
		FF5A87F420A67EC3008CD8F0 /* Assets.xcassets */ = {isa = PBXFileReference; lastKnownFileType = folder.assetcatalog; path = Assets.xcassets; sourceTree = "<group>"; };
		FF5A87F720A67EC3008CD8F0 /* Base */ = {isa = PBXFileReference; lastKnownFileType = file.storyboard; name = Base; path = Base.lproj/LaunchScreen.storyboard; sourceTree = "<group>"; };
		FF5A87F920A67EC3008CD8F0 /* Info.plist */ = {isa = PBXFileReference; lastKnownFileType = text.plist.xml; path = Info.plist; sourceTree = "<group>"; };
		FF5A87FE20A67EC3008CD8F0 /* SaveTheKittensTests.xctest */ = {isa = PBXFileReference; explicitFileType = wrapper.cfbundle; includeInIndex = 0; path = SaveTheKittensTests.xctest; sourceTree = BUILT_PRODUCTS_DIR; };
		FF5A880220A67EC3008CD8F0 /* SaveTheKittensTests.swift */ = {isa = PBXFileReference; lastKnownFileType = sourcecode.swift; path = SaveTheKittensTests.swift; sourceTree = "<group>"; };
		FF5A880420A67EC3008CD8F0 /* Info.plist */ = {isa = PBXFileReference; lastKnownFileType = text.plist.xml; path = Info.plist; sourceTree = "<group>"; };
		FF5A880920A67EC3008CD8F0 /* SaveTheKittensUITests.xctest */ = {isa = PBXFileReference; explicitFileType = wrapper.cfbundle; includeInIndex = 0; path = SaveTheKittensUITests.xctest; sourceTree = BUILT_PRODUCTS_DIR; };
		FF5A880D20A67EC3008CD8F0 /* SaveTheKittensUITests.swift */ = {isa = PBXFileReference; lastKnownFileType = sourcecode.swift; path = SaveTheKittensUITests.swift; sourceTree = "<group>"; };
		FF5A880F20A67EC3008CD8F0 /* Info.plist */ = {isa = PBXFileReference; lastKnownFileType = text.plist.xml; path = Info.plist; sourceTree = "<group>"; };
/* End PBXFileReference section */

/* Begin PBXFrameworksBuildPhase section */
		FF5A87E720A67EC3008CD8F0 /* Frameworks */ = {
			isa = PBXFrameworksBuildPhase;
			buildActionMask = 2147483647;
			files = (
			);
			runOnlyForDeploymentPostprocessing = 0;
		};
		FF5A87FB20A67EC3008CD8F0 /* Frameworks */ = {
			isa = PBXFrameworksBuildPhase;
			buildActionMask = 2147483647;
			files = (
			);
			runOnlyForDeploymentPostprocessing = 0;
		};
		FF5A880620A67EC3008CD8F0 /* Frameworks */ = {
			isa = PBXFrameworksBuildPhase;
			buildActionMask = 2147483647;
			files = (
			);
			runOnlyForDeploymentPostprocessing = 0;
		};
/* End PBXFrameworksBuildPhase section */

/* Begin PBXGroup section */
		FF5A87E120A67EC3008CD8F0 = {
			isa = PBXGroup;
			children = (
				FF5A87EC20A67EC3008CD8F0 /* SaveTheKittens */,
				FF5A880120A67EC3008CD8F0 /* SaveTheKittensTests */,
				FF5A880C20A67EC3008CD8F0 /* SaveTheKittensUITests */,
				FF5A87EB20A67EC3008CD8F0 /* Products */,
			);
			sourceTree = "<group>";
		};
		FF5A87EB20A67EC3008CD8F0 /* Products */ = {
			isa = PBXGroup;
			children = (
				FF5A87EA20A67EC3008CD8F0 /* SaveTheKittens.app */,
				FF5A87FE20A67EC3008CD8F0 /* SaveTheKittensTests.xctest */,
				FF5A880920A67EC3008CD8F0 /* SaveTheKittensUITests.xctest */,
			);
			name = Products;
			sourceTree = "<group>";
		};
		FF5A87EC20A67EC3008CD8F0 /* SaveTheKittens */ = {
			isa = PBXGroup;
			children = (
				FF5A87ED20A67EC3008CD8F0 /* AppDelegate.swift */,
				FF5A87EF20A67EC3008CD8F0 /* ViewController.swift */,
				FF5A87F120A67EC3008CD8F0 /* Main.storyboard */,
				FF5A87F420A67EC3008CD8F0 /* Assets.xcassets */,
				FF5A87F620A67EC3008CD8F0 /* LaunchScreen.storyboard */,
				FF5A87F920A67EC3008CD8F0 /* Info.plist */,
			);
			path = SaveTheKittens;
			sourceTree = "<group>";
		};
		FF5A880120A67EC3008CD8F0 /* SaveTheKittensTests */ = {
			isa = PBXGroup;
			children = (
				FF5A880220A67EC3008CD8F0 /* SaveTheKittensTests.swift */,
				FF5A880420A67EC3008CD8F0 /* Info.plist */,
			);
			path = SaveTheKittensTests;
			sourceTree = "<group>";
		};
		FF5A880C20A67EC3008CD8F0 /* SaveTheKittensUITests */ = {
			isa = PBXGroup;
			children = (
				FF5A880D20A67EC3008CD8F0 /* SaveTheKittensUITests.swift */,
				FF5A880F20A67EC3008CD8F0 /* Info.plist */,
			);
			path = SaveTheKittensUITests;
			sourceTree = "<group>";
		};
/* End PBXGroup section */

/* Begin PBXNativeTarget section */
		FF5A87E920A67EC3008CD8F0 /* SaveTheKittens */ = {
			isa = PBXNativeTarget;
			buildConfigurationList = FF5A881220A67EC3008CD8F0 /* Build configuration list for PBXNativeTarget "SaveTheKittens" */;
			buildPhases = (
				FF5A87E620A67EC3008CD8F0 /* Sources */,
				FF5A87E720A67EC3008CD8F0 /* Frameworks */,
				FF5A87E820A67EC3008CD8F0 /* Resources */,
			);
			buildRules = (
			);
			dependencies = (
			);
			name = SaveTheKittens;
			productName = SaveTheKittens;
			productReference = FF5A87EA20A67EC3008CD8F0 /* SaveTheKittens.app */;
			productType = "com.apple.product-type.application";
		};
		FF5A87FD20A67EC3008CD8F0 /* SaveTheKittensTests */ = {
			isa = PBXNativeTarget;
			buildConfigurationList = FF5A881520A67EC3008CD8F0 /* Build configuration list for PBXNativeTarget "SaveTheKittensTests" */;
			buildPhases = (
				FF5A87FA20A67EC3008CD8F0 /* Sources */,
				FF5A87FB20A67EC3008CD8F0 /* Frameworks */,
				FF5A87FC20A67EC3008CD8F0 /* Resources */,
			);
			buildRules = (
			);
			dependencies = (
				FF5A880020A67EC3008CD8F0 /* PBXTargetDependency */,
			);
			name = SaveTheKittensTests;
			productName = SaveTheKittensTests;
			productReference = FF5A87FE20A67EC3008CD8F0 /* SaveTheKittensTests.xctest */;
			productType = "com.apple.product-type.bundle.unit-test";
		};
		FF5A880820A67EC3008CD8F0 /* SaveTheKittensUITests */ = {
			isa = PBXNativeTarget;
			buildConfigurationList = FF5A881820A67EC3008CD8F0 /* Build configuration list for PBXNativeTarget "SaveTheKittensUITests" */;
			buildPhases = (
				FF5A880520A67EC3008CD8F0 /* Sources */,
				FF5A880620A67EC3008CD8F0 /* Frameworks */,
				FF5A880720A67EC3008CD8F0 /* Resources */,
			);
			buildRules = (
			);
			dependencies = (
				FF5A880B20A67EC3008CD8F0 /* PBXTargetDependency */,
			);
			name = SaveTheKittensUITests;
			productName = SaveTheKittensUITests;
			productReference = FF5A880920A67EC3008CD8F0 /* SaveTheKittensUITests.xctest */;
			productType = "com.apple.product-type.bundle.ui-testing";
		};
/* End PBXNativeTarget section */

/* Begin PBXProject section */
		FF5A87E220A67EC3008CD8F0 /* Project object */ = {
			isa = PBXProject;
			attributes = {
				LastSwiftUpdateCheck = 0920;
				LastUpgradeCheck = 0920;
				ORGANIZATIONNAME = "kevin li";
				TargetAttributes = {
					FF5A87E920A67EC3008CD8F0 = {
						CreatedOnToolsVersion = 9.2;
						ProvisioningStyle = Automatic;
					};
					FF5A87FD20A67EC3008CD8F0 = {
						CreatedOnToolsVersion = 9.2;
						ProvisioningStyle = Automatic;
						TestTargetID = FF5A87E920A67EC3008CD8F0;
					};
					FF5A880820A67EC3008CD8F0 = {
						CreatedOnToolsVersion = 9.2;
						ProvisioningStyle = Automatic;
						TestTargetID = FF5A87E920A67EC3008CD8F0;
					};
				};
			};
			buildConfigurationList = FF5A87E520A67EC3008CD8F0 /* Build configuration list for PBXProject "SaveTheKittens" */;
			compatibilityVersion = "Xcode 8.0";
			developmentRegion = en;
			hasScannedForEncodings = 0;
			knownRegions = (
				en,
				Base,
			);
			mainGroup = FF5A87E120A67EC3008CD8F0;
			productRefGroup = FF5A87EB20A67EC3008CD8F0 /* Products */;
			projectDirPath = "";
			projectRoot = "";
			targets = (
				FF5A87E920A67EC3008CD8F0 /* SaveTheKittens */,
				FF5A87FD20A67EC3008CD8F0 /* SaveTheKittensTests */,
				FF5A880820A67EC3008CD8F0 /* SaveTheKittensUITests */,
			);
		};
/* End PBXProject section */

/* Begin PBXResourcesBuildPhase section */
		FF5A87E820A67EC3008CD8F0 /* Resources */ = {
			isa = PBXResourcesBuildPhase;
			buildActionMask = 2147483647;
			files = (
				FF5A87F820A67EC3008CD8F0 /* LaunchScreen.storyboard in Resources */,
				FF5A87F520A67EC3008CD8F0 /* Assets.xcassets in Resources */,
				FF5A87F320A67EC3008CD8F0 /* Main.storyboard in Resources */,
			);
			runOnlyForDeploymentPostprocessing = 0;
		};
		FF5A87FC20A67EC3008CD8F0 /* Resources */ = {
			isa = PBXResourcesBuildPhase;
			buildActionMask = 2147483647;
			files = (
			);
			runOnlyForDeploymentPostprocessing = 0;
		};
		FF5A880720A67EC3008CD8F0 /* Resources */ = {
			isa = PBXResourcesBuildPhase;
			buildActionMask = 2147483647;
			files = (
			);
			runOnlyForDeploymentPostprocessing = 0;
		};
/* End PBXResourcesBuildPhase section */

/* Begin PBXSourcesBuildPhase section */
		FF5A87E620A67EC3008CD8F0 /* Sources */ = {
			isa = PBXSourcesBuildPhase;
			buildActionMask = 2147483647;
			files = (
				FF5A87F020A67EC3008CD8F0 /* ViewController.swift in Sources */,
				FF5A87EE20A67EC3008CD8F0 /* AppDelegate.swift in Sources */,
			);
			runOnlyForDeploymentPostprocessing = 0;
		};
		FF5A87FA20A67EC3008CD8F0 /* Sources */ = {
			isa = PBXSourcesBuildPhase;
			buildActionMask = 2147483647;
			files = (
				FF5A880320A67EC3008CD8F0 /* SaveTheKittensTests.swift in Sources */,
			);
			runOnlyForDeploymentPostprocessing = 0;
		};
		FF5A880520A67EC3008CD8F0 /* Sources */ = {
			isa = PBXSourcesBuildPhase;
			buildActionMask = 2147483647;
			files = (
				FF5A880E20A67EC3008CD8F0 /* SaveTheKittensUITests.swift in Sources */,
			);
			runOnlyForDeploymentPostprocessing = 0;
		};
/* End PBXSourcesBuildPhase section */

/* Begin PBXTargetDependency section */
		FF5A880020A67EC3008CD8F0 /* PBXTargetDependency */ = {
			isa = PBXTargetDependency;
			target = FF5A87E920A67EC3008CD8F0 /* SaveTheKittens */;
			targetProxy = FF5A87FF20A67EC3008CD8F0 /* PBXContainerItemProxy */;
		};
		FF5A880B20A67EC3008CD8F0 /* PBXTargetDependency */ = {
			isa = PBXTargetDependency;
			target = FF5A87E920A67EC3008CD8F0 /* SaveTheKittens */;
			targetProxy = FF5A880A20A67EC3008CD8F0 /* PBXContainerItemProxy */;
		};
/* End PBXTargetDependency section */

/* Begin PBXVariantGroup section */
		FF5A87F120A67EC3008CD8F0 /* Main.storyboard */ = {
			isa = PBXVariantGroup;
			children = (
				FF5A87F220A67EC3008CD8F0 /* Base */,
			);
			name = Main.storyboard;
			sourceTree = "<group>";
		};
		FF5A87F620A67EC3008CD8F0 /* LaunchScreen.storyboard */ = {
			isa = PBXVariantGroup;
			children = (
				FF5A87F720A67EC3008CD8F0 /* Base */,
			);
			name = LaunchScreen.storyboard;
			sourceTree = "<group>";
		};
/* End PBXVariantGroup section */

/* Begin XCBuildConfiguration section */
		FF5A881020A67EC3008CD8F0 /* Debug */ = {
			isa = XCBuildConfiguration;
			buildSettings = {
				ALWAYS_SEARCH_USER_PATHS = NO;
				CLANG_ANALYZER_NONNULL = YES;
				CLANG_ANALYZER_NUMBER_OBJECT_CONVERSION = YES_AGGRESSIVE;
				CLANG_CXX_LANGUAGE_STANDARD = "gnu++14";
				CLANG_CXX_LIBRARY = "libc++";
				CLANG_ENABLE_MODULES = YES;
				CLANG_ENABLE_OBJC_ARC = YES;
				CLANG_WARN_BLOCK_CAPTURE_AUTORELEASING = YES;
				CLANG_WARN_BOOL_CONVERSION = YES;
				CLANG_WARN_COMMA = YES;
				CLANG_WARN_CONSTANT_CONVERSION = YES;
				CLANG_WARN_DIRECT_OBJC_ISA_USAGE = YES_ERROR;
				CLANG_WARN_DOCUMENTATION_COMMENTS = YES;
				CLANG_WARN_EMPTY_BODY = YES;
				CLANG_WARN_ENUM_CONVERSION = YES;
				CLANG_WARN_INFINITE_RECURSION = YES;
				CLANG_WARN_INT_CONVERSION = YES;
				CLANG_WARN_NON_LITERAL_NULL_CONVERSION = YES;
				CLANG_WARN_OBJC_LITERAL_CONVERSION = YES;
				CLANG_WARN_OBJC_ROOT_CLASS = YES_ERROR;
				CLANG_WARN_RANGE_LOOP_ANALYSIS = YES;
				CLANG_WARN_STRICT_PROTOTYPES = YES;
				CLANG_WARN_SUSPICIOUS_MOVE = YES;
				CLANG_WARN_UNGUARDED_AVAILABILITY = YES_AGGRESSIVE;
				CLANG_WARN_UNREACHABLE_CODE = YES;
				CLANG_WARN__DUPLICATE_METHOD_MATCH = YES;
				CODE_SIGN_IDENTITY = "iPhone Developer";
				COPY_PHASE_STRIP = NO;
				DEBUG_INFORMATION_FORMAT = dwarf;
				ENABLE_STRICT_OBJC_MSGSEND = YES;
				ENABLE_TESTABILITY = YES;
				GCC_C_LANGUAGE_STANDARD = gnu11;
				GCC_DYNAMIC_NO_PIC = NO;
				GCC_NO_COMMON_BLOCKS = YES;
				GCC_OPTIMIZATION_LEVEL = 0;
				GCC_PREPROCESSOR_DEFINITIONS = (
					"DEBUG=1",
					"$(inherited)",
				);
				GCC_WARN_64_TO_32_BIT_CONVERSION = YES;
				GCC_WARN_ABOUT_RETURN_TYPE = YES_ERROR;
				GCC_WARN_UNDECLARED_SELECTOR = YES;
				GCC_WARN_UNINITIALIZED_AUTOS = YES_AGGRESSIVE;
				GCC_WARN_UNUSED_FUNCTION = YES;
				GCC_WARN_UNUSED_VARIABLE = YES;
				IPHONEOS_DEPLOYMENT_TARGET = 11.2;
				MTL_ENABLE_DEBUG_INFO = YES;
				ONLY_ACTIVE_ARCH = YES;
				SDKROOT = iphoneos;
				SWIFT_ACTIVE_COMPILATION_CONDITIONS = DEBUG;
				SWIFT_OPTIMIZATION_LEVEL = "-Onone";
			};
			name = Debug;
		};
		FF5A881120A67EC3008CD8F0 /* Release */ = {
			isa = XCBuildConfiguration;
			buildSettings = {
				ALWAYS_SEARCH_USER_PATHS = NO;
				CLANG_ANALYZER_NONNULL = YES;
				CLANG_ANALYZER_NUMBER_OBJECT_CONVERSION = YES_AGGRESSIVE;
				CLANG_CXX_LANGUAGE_STANDARD = "gnu++14";
				CLANG_CXX_LIBRARY = "libc++";
				CLANG_ENABLE_MODULES = YES;
				CLANG_ENABLE_OBJC_ARC = YES;
				CLANG_WARN_BLOCK_CAPTURE_AUTORELEASING = YES;
				CLANG_WARN_BOOL_CONVERSION = YES;
				CLANG_WARN_COMMA = YES;
				CLANG_WARN_CONSTANT_CONVERSION = YES;
				CLANG_WARN_DIRECT_OBJC_ISA_USAGE = YES_ERROR;
				CLANG_WARN_DOCUMENTATION_COMMENTS = YES;
				CLANG_WARN_EMPTY_BODY = YES;
				CLANG_WARN_ENUM_CONVERSION = YES;
				CLANG_WARN_INFINITE_RECURSION = YES;
				CLANG_WARN_INT_CONVERSION = YES;
				CLANG_WARN_NON_LITERAL_NULL_CONVERSION = YES;
				CLANG_WARN_OBJC_LITERAL_CONVERSION = YES;
				CLANG_WARN_OBJC_ROOT_CLASS = YES_ERROR;
				CLANG_WARN_RANGE_LOOP_ANALYSIS = YES;
				CLANG_WARN_STRICT_PROTOTYPES = YES;
				CLANG_WARN_SUSPICIOUS_MOVE = YES;
				CLANG_WARN_UNGUARDED_AVAILABILITY = YES_AGGRESSIVE;
				CLANG_WARN_UNREACHABLE_CODE = YES;
				CLANG_WARN__DUPLICATE_METHOD_MATCH = YES;
				CODE_SIGN_IDENTITY = "iPhone Developer";
				COPY_PHASE_STRIP = NO;
				DEBUG_INFORMATION_FORMAT = "dwarf-with-dsym";
				ENABLE_NS_ASSERTIONS = NO;
				ENABLE_STRICT_OBJC_MSGSEND = YES;
				GCC_C_LANGUAGE_STANDARD = gnu11;
				GCC_NO_COMMON_BLOCKS = YES;
				GCC_WARN_64_TO_32_BIT_CONVERSION = YES;
				GCC_WARN_ABOUT_RETURN_TYPE = YES_ERROR;
				GCC_WARN_UNDECLARED_SELECTOR = YES;
				GCC_WARN_UNINITIALIZED_AUTOS = YES_AGGRESSIVE;
				GCC_WARN_UNUSED_FUNCTION = YES;
				GCC_WARN_UNUSED_VARIABLE = YES;
				IPHONEOS_DEPLOYMENT_TARGET = 11.2;
				MTL_ENABLE_DEBUG_INFO = NO;
				SDKROOT = iphoneos;
				SWIFT_OPTIMIZATION_LEVEL = "-Owholemodule";
				VALIDATE_PRODUCT = YES;
			};
			name = Release;
		};
		FF5A881320A67EC3008CD8F0 /* Debug */ = {
			isa = XCBuildConfiguration;
			buildSettings = {
				ASSETCATALOG_COMPILER_APPICON_NAME = AppIcon;
				CODE_SIGN_STYLE = Automatic;
				INFOPLIST_FILE = SaveTheKittens/Info.plist;
				LD_RUNPATH_SEARCH_PATHS = "$(inherited) @executable_path/Frameworks";
				PRODUCT_BUNDLE_IDENTIFIER = RuffyCo.SaveTheKittens;
				PRODUCT_NAME = "$(TARGET_NAME)";
				SWIFT_VERSION = 4.0;
				TARGETED_DEVICE_FAMILY = "1,2";
			};
			name = Debug;
		};
		FF5A881420A67EC3008CD8F0 /* Release */ = {
			isa = XCBuildConfiguration;
			buildSettings = {
				ASSETCATALOG_COMPILER_APPICON_NAME = AppIcon;
				CODE_SIGN_STYLE = Automatic;
				INFOPLIST_FILE = SaveTheKittens/Info.plist;
				LD_RUNPATH_SEARCH_PATHS = "$(inherited) @executable_path/Frameworks";
				PRODUCT_BUNDLE_IDENTIFIER = RuffyCo.SaveTheKittens;
				PRODUCT_NAME = "$(TARGET_NAME)";
				SWIFT_VERSION = 4.0;
				TARGETED_DEVICE_FAMILY = "1,2";
			};
			name = Release;
		};
		FF5A881620A67EC3008CD8F0 /* Debug */ = {
			isa = XCBuildConfiguration;
			buildSettings = {
				ALWAYS_EMBED_SWIFT_STANDARD_LIBRARIES = YES;
				BUNDLE_LOADER = "$(TEST_HOST)";
				CODE_SIGN_STYLE = Automatic;
				INFOPLIST_FILE = SaveTheKittensTests/Info.plist;
				LD_RUNPATH_SEARCH_PATHS = "$(inherited) @executable_path/Frameworks @loader_path/Frameworks";
				PRODUCT_BUNDLE_IDENTIFIER = RuffyCo.SaveTheKittensTests;
				PRODUCT_NAME = "$(TARGET_NAME)";
				SWIFT_VERSION = 4.0;
				TARGETED_DEVICE_FAMILY = "1,2";
				TEST_HOST = "$(BUILT_PRODUCTS_DIR)/SaveTheKittens.app/SaveTheKittens";
			};
			name = Debug;
		};
		FF5A881720A67EC3008CD8F0 /* Release */ = {
			isa = XCBuildConfiguration;
			buildSettings = {
				ALWAYS_EMBED_SWIFT_STANDARD_LIBRARIES = YES;
				BUNDLE_LOADER = "$(TEST_HOST)";
				CODE_SIGN_STYLE = Automatic;
				INFOPLIST_FILE = SaveTheKittensTests/Info.plist;
				LD_RUNPATH_SEARCH_PATHS = "$(inherited) @executable_path/Frameworks @loader_path/Frameworks";
				PRODUCT_BUNDLE_IDENTIFIER = RuffyCo.SaveTheKittensTests;
				PRODUCT_NAME = "$(TARGET_NAME)";
				SWIFT_VERSION = 4.0;
				TARGETED_DEVICE_FAMILY = "1,2";
				TEST_HOST = "$(BUILT_PRODUCTS_DIR)/SaveTheKittens.app/SaveTheKittens";
			};
			name = Release;
		};
		FF5A881920A67EC3008CD8F0 /* Debug */ = {
			isa = XCBuildConfiguration;
			buildSettings = {
				ALWAYS_EMBED_SWIFT_STANDARD_LIBRARIES = YES;
				CODE_SIGN_STYLE = Automatic;
				INFOPLIST_FILE = SaveTheKittensUITests/Info.plist;
				LD_RUNPATH_SEARCH_PATHS = "$(inherited) @executable_path/Frameworks @loader_path/Frameworks";
				PRODUCT_BUNDLE_IDENTIFIER = RuffyCo.SaveTheKittensUITests;
				PRODUCT_NAME = "$(TARGET_NAME)";
				SWIFT_VERSION = 4.0;
				TARGETED_DEVICE_FAMILY = "1,2";
				TEST_TARGET_NAME = SaveTheKittens;
			};
			name = Debug;
		};
		FF5A881A20A67EC3008CD8F0 /* Release */ = {
			isa = XCBuildConfiguration;
			buildSettings = {
				ALWAYS_EMBED_SWIFT_STANDARD_LIBRARIES = YES;
				CODE_SIGN_STYLE = Automatic;
				INFOPLIST_FILE = SaveTheKittensUITests/Info.plist;
				LD_RUNPATH_SEARCH_PATHS = "$(inherited) @executable_path/Frameworks @loader_path/Frameworks";
				PRODUCT_BUNDLE_IDENTIFIER = RuffyCo.SaveTheKittensUITests;
				PRODUCT_NAME = "$(TARGET_NAME)";
				SWIFT_VERSION = 4.0;
				TARGETED_DEVICE_FAMILY = "1,2";
				TEST_TARGET_NAME = SaveTheKittens;
			};
			name = Release;
		};
/* End XCBuildConfiguration section */

/* Begin XCConfigurationList section */
		FF5A87E520A67EC3008CD8F0 /* Build configuration list for PBXProject "SaveTheKittens" */ = {
			isa = XCConfigurationList;
			buildConfigurations = (
				FF5A881020A67EC3008CD8F0 /* Debug */,
				FF5A881120A67EC3008CD8F0 /* Release */,
			);
			defaultConfigurationIsVisible = 0;
			defaultConfigurationName = Release;
		};
		FF5A881220A67EC3008CD8F0 /* Build configuration list for PBXNativeTarget "SaveTheKittens" */ = {
			isa = XCConfigurationList;
			buildConfigurations = (
				FF5A881320A67EC3008CD8F0 /* Debug */,
				FF5A881420A67EC3008CD8F0 /* Release */,
			);
			defaultConfigurationIsVisible = 0;
			defaultConfigurationName = Release;
		};
		FF5A881520A67EC3008CD8F0 /* Build configuration list for PBXNativeTarget "SaveTheKittensTests" */ = {
			isa = XCConfigurationList;
			buildConfigurations = (
				FF5A881620A67EC3008CD8F0 /* Debug */,
				FF5A881720A67EC3008CD8F0 /* Release */,
			);
			defaultConfigurationIsVisible = 0;
			defaultConfigurationName = Release;
		};
		FF5A881820A67EC3008CD8F0 /* Build configuration list for PBXNativeTarget "SaveTheKittensUITests" */ = {
			isa = XCConfigurationList;
			buildConfigurations = (
				FF5A881920A67EC3008CD8F0 /* Debug */,
				FF5A881A20A67EC3008CD8F0 /* Release */,
			);
			defaultConfigurationIsVisible = 0;
			defaultConfigurationName = Release;
		};
/* End XCConfigurationList section */
	};
	rootObject = FF5A87E220A67EC3008CD8F0 /* Project object */;
}
